{
  "name": "study",
  "version": "1.0.0",
  "lockfileVersion": 3,
  "requires": true,
  "packages": {
    "": {
      "name": "study",
      "version": "1.0.0",
      "license": "ISC",
      "devDependencies": {
        "loader-utils": "^3.3.1"
      }
    },
    "node_modules/loader-utils": {
      "version": "3.3.1",
      "resolved": "https://registry.npmmirror.com/loader-utils/-/loader-utils-3.3.1.tgz",
      "integrity": "sha512-FMJTLMXfCLMLfJxcX9PFqX5qD88Z5MRGaZCVzfuqeZSPsyiBzs+pahDQjbIWz2QIzPZz0NX9Zy4FX3lmK6YHIg==",
      "dev": true,
      "license": "MIT",
      "engines": {
        "node": ">= 12.13.0"
      }
    }
  }
}
